# This file is automatically @generated by Poetry 1.8.3 and should not be changed by hand.

[[package]]
name = "pybind11"
version = "2.13.6"
description = "Seamless operability between C++11 and Python"
optional = false
python-versions = ">=3.7"
files = [
    {file = "pybind11-2.13.6-py3-none-any.whl", hash = "sha256:237c41e29157b962835d356b370ededd57594a26d5894a795960f0047cb5caf5"},
    {file = "pybind11-2.13.6.tar.gz", hash = "sha256:ba6af10348c12b24e92fa086b39cfba0eff619b61ac77c406167d813b096d39a"},
]

[package.extras]
global = ["pybind11-global (==2.13.6)"]

[metadata]
lock-version = "2.0"
python-versions = "^3.9"
content-hash = "440f259c45d244fd360ad579b215c858aa0e7491bc41cbc245ec39a45adde221"
