# This file is automatically @generated by Poetry and should not be changed by hand.

[[package]]
name = "pybind11"
version = "2.10.1"
description = "Seamless operability between C++11 and Python"
category = "main"
optional = false
python-versions = ">=3.6"
files = [
    {file = "pybind11-2.10.1-py3-none-any.whl", hash = "sha256:ebf3eeac46859a2e10077ae45378ba3f33d999a9064697a3464fba1a4a04fc0a"},
    {file = "pybind11-2.10.1.tar.gz", hash = "sha256:c9571b8a6607c8e90ea156a2a455383b9911f89da414e9f5e251ab58dc3e3c71"},
]

[package.extras]
global = ["pybind11-global (==2.10.1)"]

[metadata]
lock-version = "2.0"
python-versions = "^3.9"
content-hash = "a15987c61a5a496b16ab5231d062b248c90f078448c5a9e689163445185615ee"
