
Microsoft Visual Studio Solution File, Format Version 12.00
# Visual Studio Version 17
VisualStudioVersion = 17.0.31912.275
MinimumVisualStudioVersion = 10.0.40219.1
Project("{888888A0-9F3D-457C-B088-3A5042F75D52}") = "skin_plus_plus_pymxs", "skin_plus_plus_pymxs\skin_plus_plus_pymxs.pyproj", "{E8B8F785-2830-442C-92F0-C9DD3291DB0E}"
EndProject
Project("{8BC9CEB8-8B4A-11D0-8D11-00A0C91BC942}") = "SkinPlusPlusPymxs", "skin_plus_plus_pymxs\src\SkinPlusPlusPymxs\SkinPlusPlusPymxs.vcxproj", "{7BF5EA8D-2105-425A-967C-590AD47EC6CB}"
EndProject
Global
	GlobalSection(SolutionConfigurationPlatforms) = preSolution
		2022-Debug|Any CPU = 2022-Debug|Any CPU
		2022-Debug|x64 = 2022-Debug|x64
		2022-Debug|x86 = 2022-Debug|x86
		2022-Release|Any CPU = 2022-Release|Any CPU
		2022-Release|x64 = 2022-Release|x64
		2022-Release|x86 = 2022-Release|x86
	EndGlobalSection
	GlobalSection(ProjectConfigurationPlatforms) = postSolution
		{E8B8F785-2830-442C-92F0-C9DD3291DB0E}.2022-Debug|Any CPU.ActiveCfg = 2022-Debug|Any CPU
		{E8B8F785-2830-442C-92F0-C9DD3291DB0E}.2022-Debug|x64.ActiveCfg = 2022-Debug|Any CPU
		{E8B8F785-2830-442C-92F0-C9DD3291DB0E}.2022-Debug|x86.ActiveCfg = 2022-Debug|Any CPU
		{E8B8F785-2830-442C-92F0-C9DD3291DB0E}.2022-Release|Any CPU.ActiveCfg = 2022-Release|Any CPU
		{E8B8F785-2830-442C-92F0-C9DD3291DB0E}.2022-Release|x64.ActiveCfg = 2022-Release|Any CPU
		{E8B8F785-2830-442C-92F0-C9DD3291DB0E}.2022-Release|x86.ActiveCfg = 2022-Release|Any CPU
		{7BF5EA8D-2105-425A-967C-590AD47EC6CB}.2022-Debug|Any CPU.ActiveCfg = 2022-Debug|Win32
		{7BF5EA8D-2105-425A-967C-590AD47EC6CB}.2022-Debug|x64.ActiveCfg = 2022-Debug|x64
		{7BF5EA8D-2105-425A-967C-590AD47EC6CB}.2022-Debug|x64.Build.0 = 2022-Debug|x64
		{7BF5EA8D-2105-425A-967C-590AD47EC6CB}.2022-Debug|x86.ActiveCfg = 2022-Debug|Win32
		{7BF5EA8D-2105-425A-967C-590AD47EC6CB}.2022-Debug|x86.Build.0 = 2022-Debug|Win32
		{7BF5EA8D-2105-425A-967C-590AD47EC6CB}.2022-Release|Any CPU.ActiveCfg = 2022-Release|Win32
		{7BF5EA8D-2105-425A-967C-590AD47EC6CB}.2022-Release|x64.ActiveCfg = 2022-Release|x64
		{7BF5EA8D-2105-425A-967C-590AD47EC6CB}.2022-Release|x64.Build.0 = 2022-Release|x64
		{7BF5EA8D-2105-425A-967C-590AD47EC6CB}.2022-Release|x86.ActiveCfg = 2022-Release|Win32
		{7BF5EA8D-2105-425A-967C-590AD47EC6CB}.2022-Release|x86.Build.0 = 2022-Release|Win32
	EndGlobalSection
	GlobalSection(SolutionProperties) = preSolution
		HideSolutionNode = FALSE
	EndGlobalSection
	GlobalSection(ExtensibilityGlobals) = postSolution
		SolutionGuid = {6267C530-5EEA-421D-9185-C6D78DC18581}
	EndGlobalSection
EndGlobal
