
Microsoft Visual Studio Solution File, Format Version 12.00
# Visual Studio Version 17
VisualStudioVersion = 17.0.31912.275
MinimumVisualStudioVersion = 10.0.40219.1
Project("{8BC9CEB8-8B4A-11D0-8D11-00A0C91BC942}") = "skin_plus_plus_pymxs", "skin_plus_plus_pymxs\skin_plus_plus_pymxs.vcxproj", "{7BF5EA8D-2105-425A-967C-590AD47EC6CB}"
EndProject
Project("{8BC9CEB8-8B4A-11D0-8D11-00A0C91BC942}") = "skin_plus_plus_py", "skin_plus_plus_py\skin_plus_plus_py.vcxproj", "{6A977F79-6449-4D2F-8B5F-9363A19F5046}"
EndProject
Project("{8BC9CEB8-8B4A-11D0-8D11-00A0C91BC942}") = "skin_plus_plus_pymaya", "skin_plus_plus_pymaya\skin_plus_plus_pymaya.vcxproj", "{1A82B795-46D9-40C8-9AE2-4C4D2D71BBFD}"
EndProject
Global
	GlobalSection(SolutionConfigurationPlatforms) = preSolution
		2021-Release|x64 = 2021-Release|x64
		2022-Debug|x64 = 2022-Debug|x64
		2022-Release|x64 = 2022-Release|x64
		2023-Debug|x64 = 2023-Debug|x64
		2023-Release|x64 = 2023-Release|x64
	EndGlobalSection
	GlobalSection(ProjectConfigurationPlatforms) = postSolution
		{7BF5EA8D-2105-425A-967C-590AD47EC6CB}.2021-Release|x64.ActiveCfg = 2021-Release|x64
		{7BF5EA8D-2105-425A-967C-590AD47EC6CB}.2021-Release|x64.Build.0 = 2021-Release|x64
		{7BF5EA8D-2105-425A-967C-590AD47EC6CB}.2022-Debug|x64.ActiveCfg = 2022-Debug|x64
		{7BF5EA8D-2105-425A-967C-590AD47EC6CB}.2022-Debug|x64.Build.0 = 2022-Debug|x64
		{7BF5EA8D-2105-425A-967C-590AD47EC6CB}.2022-Release|x64.ActiveCfg = 2022-Release|x64
		{7BF5EA8D-2105-425A-967C-590AD47EC6CB}.2022-Release|x64.Build.0 = 2022-Release|x64
		{7BF5EA8D-2105-425A-967C-590AD47EC6CB}.2023-Debug|x64.ActiveCfg = 2023-Debug|x64
		{7BF5EA8D-2105-425A-967C-590AD47EC6CB}.2023-Debug|x64.Build.0 = 2023-Debug|x64
		{7BF5EA8D-2105-425A-967C-590AD47EC6CB}.2023-Release|x64.ActiveCfg = 2023-Release|x64
		{7BF5EA8D-2105-425A-967C-590AD47EC6CB}.2023-Release|x64.Build.0 = 2023-Release|x64
		{6A977F79-6449-4D2F-8B5F-9363A19F5046}.2021-Release|x64.ActiveCfg = 2022-Release|x64
		{6A977F79-6449-4D2F-8B5F-9363A19F5046}.2021-Release|x64.Build.0 = 2022-Release|x64
		{6A977F79-6449-4D2F-8B5F-9363A19F5046}.2022-Debug|x64.ActiveCfg = 2022-Debug|x64
		{6A977F79-6449-4D2F-8B5F-9363A19F5046}.2022-Debug|x64.Build.0 = 2022-Debug|x64
		{6A977F79-6449-4D2F-8B5F-9363A19F5046}.2022-Release|x64.ActiveCfg = 2022-Release|x64
		{6A977F79-6449-4D2F-8B5F-9363A19F5046}.2022-Release|x64.Build.0 = 2022-Release|x64
		{6A977F79-6449-4D2F-8B5F-9363A19F5046}.2023-Debug|x64.ActiveCfg = 2023-Debug|x64
		{6A977F79-6449-4D2F-8B5F-9363A19F5046}.2023-Debug|x64.Build.0 = 2023-Debug|x64
		{6A977F79-6449-4D2F-8B5F-9363A19F5046}.2023-Release|x64.ActiveCfg = 2023-Release|x64
		{6A977F79-6449-4D2F-8B5F-9363A19F5046}.2023-Release|x64.Build.0 = 2023-Release|x64
		{1A82B795-46D9-40C8-9AE2-4C4D2D71BBFD}.2021-Release|x64.ActiveCfg = 2022-Release|x64
		{1A82B795-46D9-40C8-9AE2-4C4D2D71BBFD}.2021-Release|x64.Build.0 = 2022-Release|x64
		{1A82B795-46D9-40C8-9AE2-4C4D2D71BBFD}.2022-Debug|x64.ActiveCfg = 2022-Debug|x64
		{1A82B795-46D9-40C8-9AE2-4C4D2D71BBFD}.2022-Debug|x64.Build.0 = 2022-Debug|x64
		{1A82B795-46D9-40C8-9AE2-4C4D2D71BBFD}.2022-Release|x64.ActiveCfg = 2022-Release|x64
		{1A82B795-46D9-40C8-9AE2-4C4D2D71BBFD}.2022-Release|x64.Build.0 = 2022-Release|x64
		{1A82B795-46D9-40C8-9AE2-4C4D2D71BBFD}.2023-Debug|x64.ActiveCfg = 2023-Debug|x64
		{1A82B795-46D9-40C8-9AE2-4C4D2D71BBFD}.2023-Debug|x64.Build.0 = 2023-Debug|x64
		{1A82B795-46D9-40C8-9AE2-4C4D2D71BBFD}.2023-Release|x64.ActiveCfg = 2023-Release|x64
		{1A82B795-46D9-40C8-9AE2-4C4D2D71BBFD}.2023-Release|x64.Build.0 = 2023-Release|x64
	EndGlobalSection
	GlobalSection(SolutionProperties) = preSolution
		HideSolutionNode = FALSE
	EndGlobalSection
	GlobalSection(ExtensibilityGlobals) = postSolution
		SolutionGuid = {6267C530-5EEA-421D-9185-C6D78DC18581}
	EndGlobalSection
EndGlobal
